
Microsoft Visual Studio Solution File, Format Version 12.00
# Visual Studio Version 17
VisualStudioVersion = 17.14.36429.23
MinimumVisualStudioVersion = 10.0.40219.1
Project("{2150E333-8FDC-42A3-9474-1A3956D46DE8}") = "Solution Items", "Solution Items", "{8EC462FD-D22E-90A8-E5CE-7E832BA40C5D}"
	ProjectSection(SolutionItems) = preProject
		..\..\..\Users\6jone\Downloads\bladerunner_starter\.env.example = ..\..\..\Users\6jone\Downloads\bladerunner_starter\.env.example
		..\..\..\Users\6jone\Downloads\bladerunner_starter\.gitignore = ..\..\..\Users\6jone\Downloads\bladerunner_starter\.gitignore
		LICENSE = LICENSE
		..\..\..\Users\6jone\Downloads\README.md = ..\..\..\Users\6jone\Downloads\README.md
		..\..\..\Users\6jone\Downloads\bladerunner_starter\requirements.txt = ..\..\..\Users\6jone\Downloads\bladerunner_starter\requirements.txt
	EndProjectSection
EndProject
Project("{888888A0-9F3D-457C-B088-3A5042F75D52}") = "Bladerunner.Runner", "bladerunner_runner\Bladerunner.Runner.pyproj", "{BD32EFAA-4F9D-4DB9-B097-28DFBA98F29C}"
EndProject
Project("{2150E333-8FDC-42A3-9474-1A3956D46DE8}") = "scripts", "scripts", "{02EA681E-C7D8-13C7-8484-4AC65E1B71E8}"
	ProjectSection(SolutionItems) = preProject
		scripts\schema.sql = scripts\schema.sql
	EndProjectSection
EndProject
Project("{2150E333-8FDC-42A3-9474-1A3956D46DE8}") = "reports", "reports", "{5C4EF188-85A6-4FBC-BFCF-DB5AE29BD036}"
	ProjectSection(SolutionItems) = preProject
		reports\longitudinal_degradation_finding.md = reports\longitudinal_degradation_finding.md
	EndProjectSection
EndProject
Project("{2150E333-8FDC-42A3-9474-1A3956D46DE8}") = "papers", "papers", "{38307B41-1BBD-4680-BCD5-34FC2D53B0F7}"
	ProjectSection(SolutionItems) = preProject
		papers\Bladerunner Project - Evidence for a Theory of Latent Attractors.pdf = papers\Bladerunner Project - Evidence for a Theory of Latent Attractors.pdf
		papers\Bladerunner Project - Mapping Personality Attractors in LLM Parameter Space.pdf = papers\Bladerunner Project - Mapping Personality Attractors in LLM Parameter Space.pdf
		..\..\..\Users\6jone\OneDrive\ドキュメント\Bladerunner\Rachel - Business White Paper.pdf = ..\..\..\Users\6jone\OneDrive\ドキュメント\Bladerunner\Rachel - Business White Paper.pdf
	EndProjectSection
EndProject
Project("{2150E333-8FDC-42A3-9474-1A3956D46DE8}") = "experiments", "experiments", "{F2EBFEF3-E60D-4D4A-BE02-3688FA34131E}"
EndProject
Project("{2150E333-8FDC-42A3-9474-1A3956D46DE8}") = "experiment_1_output", "experiment_1_output", "{1C8F1B35-7957-4B41-8A6D-64E5792BA584}"
	ProjectSection(SolutionItems) = preProject
		experiments\experiment_1_output\expanded_analysis.txt = experiments\experiment_1_output\expanded_analysis.txt
		experiments\experiment_1_output\paper_analysis.txt = experiments\experiment_1_output\paper_analysis.txt
		experiments\experiment_1_output\report.html = experiments\experiment_1_output\report.html
		experiments\experiment_1_output\report.md = experiments\experiment_1_output\report.md
	EndProjectSection
EndProject
Project("{2150E333-8FDC-42A3-9474-1A3956D46DE8}") = "experiment_2_output", "experiment_2_output", "{AC4FC17C-0FBB-4965-987B-60D315680806}"
	ProjectSection(SolutionItems) = preProject
		experiments\experiment_2_output\expanded_analysis.txt = experiments\experiment_2_output\expanded_analysis.txt
		experiments\experiment_2_output\paper_analysis.txt = experiments\experiment_2_output\paper_analysis.txt
		experiments\experiment_2_output\report.html = experiments\experiment_2_output\report.html
		experiments\experiment_2_output\report.md = experiments\experiment_2_output\report.md
	EndProjectSection
EndProject
Project("{2150E333-8FDC-42A3-9474-1A3956D46DE8}") = "experiment_3_output", "experiment_3_output", "{F42BC864-DFA6-40CE-B615-99E194B112F5}"
	ProjectSection(SolutionItems) = preProject
		experiments\experiment_3_output\expanded_analysis.txt = experiments\experiment_3_output\expanded_analysis.txt
		experiments\experiment_3_output\paper_analysis.txt = experiments\experiment_3_output\paper_analysis.txt
		experiments\experiment_3_output\report.html = experiments\experiment_3_output\report.html
		experiments\experiment_3_output\report.md = experiments\experiment_3_output\report.md
	EndProjectSection
EndProject
Project("{2150E333-8FDC-42A3-9474-1A3956D46DE8}") = "experiment_9_output", "experiment_9_output", "{D95D71B6-889A-4D32-815D-BF0A4C37A3AB}"
	ProjectSection(SolutionItems) = preProject
		experiments\experiment_9_output\expanded_analysis.txt = experiments\experiment_9_output\expanded_analysis.txt
		experiments\experiment_9_output\paper_analysis.txt = experiments\experiment_9_output\paper_analysis.txt
		experiments\experiment_9_output\report.html = experiments\experiment_9_output\report.html
		experiments\experiment_9_output\report.md = experiments\experiment_9_output\report.md
	EndProjectSection
EndProject
Project("{2150E333-8FDC-42A3-9474-1A3956D46DE8}") = "data", "data", "{A91FC3CA-9B6C-4537-A581-5F88033F6C54}"
	ProjectSection(SolutionItems) = preProject
		experiments\experiment_1_output\data\correlations.csv = experiments\experiment_1_output\data\correlations.csv
		experiments\experiment_1_output\data\raw_results.csv = experiments\experiment_1_output\data\raw_results.csv
		experiments\experiment_1_output\data\summary_statistics.csv = experiments\experiment_1_output\data\summary_statistics.csv
	EndProjectSection
EndProject
Project("{2150E333-8FDC-42A3-9474-1A3956D46DE8}") = "figures", "figures", "{AE68DB91-2C9E-426C-8270-B204F6950D54}"
	ProjectSection(SolutionItems) = preProject
		experiments\experiment_1_output\figures\correlation_matrix.png = experiments\experiment_1_output\figures\correlation_matrix.png
		experiments\experiment_1_output\figures\h1_reliability.png = experiments\experiment_1_output\figures\h1_reliability.png
	EndProjectSection
EndProject
Project("{2150E333-8FDC-42A3-9474-1A3956D46DE8}") = "data", "data", "{6EBCCF23-4F4C-4087-920E-715A49F3346E}"
	ProjectSection(SolutionItems) = preProject
		experiments\experiment_2_output\data\correlations.csv = experiments\experiment_2_output\data\correlations.csv
		experiments\experiment_2_output\data\raw_results.csv = experiments\experiment_2_output\data\raw_results.csv
		experiments\experiment_2_output\data\summary_statistics.csv = experiments\experiment_2_output\data\summary_statistics.csv
	EndProjectSection
EndProject
Project("{2150E333-8FDC-42A3-9474-1A3956D46DE8}") = "figures", "figures", "{08D6C4F9-4CB6-4DB8-B2D0-67A0BF65D04B}"
	ProjectSection(SolutionItems) = preProject
		experiments\experiment_2_output\figures\correlation_matrix.png = experiments\experiment_2_output\figures\correlation_matrix.png
		experiments\experiment_2_output\figures\h1_reliability.png = experiments\experiment_2_output\figures\h1_reliability.png
	EndProjectSection
EndProject
Project("{2150E333-8FDC-42A3-9474-1A3956D46DE8}") = "data", "data", "{7CD06D2F-FBFC-4577-951C-71117E489792}"
	ProjectSection(SolutionItems) = preProject
		experiments\experiment_3_output\data\correlations.csv = experiments\experiment_3_output\data\correlations.csv
		experiments\experiment_3_output\data\raw_results.csv = experiments\experiment_3_output\data\raw_results.csv
		experiments\experiment_3_output\data\summary_statistics.csv = experiments\experiment_3_output\data\summary_statistics.csv
	EndProjectSection
EndProject
Project("{2150E333-8FDC-42A3-9474-1A3956D46DE8}") = "figures", "figures", "{FA58C30A-0E5A-4408-B7ED-F30EF4D4E1DC}"
	ProjectSection(SolutionItems) = preProject
		experiments\experiment_3_output\figures\correlation_matrix.png = experiments\experiment_3_output\figures\correlation_matrix.png
		experiments\experiment_3_output\figures\h1_reliability.png = experiments\experiment_3_output\figures\h1_reliability.png
	EndProjectSection
EndProject
Project("{2150E333-8FDC-42A3-9474-1A3956D46DE8}") = "data", "data", "{34F8AC87-E69D-4013-BCED-DF4DF530F90F}"
	ProjectSection(SolutionItems) = preProject
		experiments\experiment_9_output\data\correlations.csv = experiments\experiment_9_output\data\correlations.csv
		experiments\experiment_9_output\data\raw_results.csv = experiments\experiment_9_output\data\raw_results.csv
		experiments\experiment_9_output\data\summary_statistics.csv = experiments\experiment_9_output\data\summary_statistics.csv
	EndProjectSection
EndProject
Project("{2150E333-8FDC-42A3-9474-1A3956D46DE8}") = "figures", "figures", "{EE1AE57D-F267-478E-9F38-997D6C43CCB4}"
	ProjectSection(SolutionItems) = preProject
		experiments\experiment_9_output\figures\correlation_matrix.png = experiments\experiment_9_output\figures\correlation_matrix.png
		experiments\experiment_9_output\figures\h1_reliability.png = experiments\experiment_9_output\figures\h1_reliability.png
	EndProjectSection
EndProject
Project("{2150E333-8FDC-42A3-9474-1A3956D46DE8}") = "p;ress", "p;ress", "{42B7ECB0-4B32-49B3-B2A1-31CC9431FF61}"
	ProjectSection(SolutionItems) = preProject
		..\..\..\Users\6jone\OneDrive\ドキュメント\Bladerunner\Meet Rachel - Press Release.pdf = ..\..\..\Users\6jone\OneDrive\ドキュメント\Bladerunner\Meet Rachel - Press Release.pdf
	EndProjectSection
EndProject
Global
	GlobalSection(SolutionConfigurationPlatforms) = preSolution
		Debug|Any CPU = Debug|Any CPU
		Release|Any CPU = Release|Any CPU
	EndGlobalSection
	GlobalSection(ProjectConfigurationPlatforms) = postSolution
		{BD32EFAA-4F9D-4DB9-B097-28DFBA98F29C}.Debug|Any CPU.ActiveCfg = Debug|Any CPU
		{BD32EFAA-4F9D-4DB9-B097-28DFBA98F29C}.Release|Any CPU.ActiveCfg = Release|Any CPU
	EndGlobalSection
	GlobalSection(SolutionProperties) = preSolution
		HideSolutionNode = FALSE
	EndGlobalSection
	GlobalSection(NestedProjects) = preSolution
		{BD32EFAA-4F9D-4DB9-B097-28DFBA98F29C} = {8EC462FD-D22E-90A8-E5CE-7E832BA40C5D}
		{02EA681E-C7D8-13C7-8484-4AC65E1B71E8} = {8EC462FD-D22E-90A8-E5CE-7E832BA40C5D}
		{5C4EF188-85A6-4FBC-BFCF-DB5AE29BD036} = {8EC462FD-D22E-90A8-E5CE-7E832BA40C5D}
		{38307B41-1BBD-4680-BCD5-34FC2D53B0F7} = {8EC462FD-D22E-90A8-E5CE-7E832BA40C5D}
		{F2EBFEF3-E60D-4D4A-BE02-3688FA34131E} = {8EC462FD-D22E-90A8-E5CE-7E832BA40C5D}
		{1C8F1B35-7957-4B41-8A6D-64E5792BA584} = {F2EBFEF3-E60D-4D4A-BE02-3688FA34131E}
		{AC4FC17C-0FBB-4965-987B-60D315680806} = {F2EBFEF3-E60D-4D4A-BE02-3688FA34131E}
		{F42BC864-DFA6-40CE-B615-99E194B112F5} = {F2EBFEF3-E60D-4D4A-BE02-3688FA34131E}
		{D95D71B6-889A-4D32-815D-BF0A4C37A3AB} = {F2EBFEF3-E60D-4D4A-BE02-3688FA34131E}
		{A91FC3CA-9B6C-4537-A581-5F88033F6C54} = {1C8F1B35-7957-4B41-8A6D-64E5792BA584}
		{AE68DB91-2C9E-426C-8270-B204F6950D54} = {1C8F1B35-7957-4B41-8A6D-64E5792BA584}
		{6EBCCF23-4F4C-4087-920E-715A49F3346E} = {AC4FC17C-0FBB-4965-987B-60D315680806}
		{08D6C4F9-4CB6-4DB8-B2D0-67A0BF65D04B} = {AC4FC17C-0FBB-4965-987B-60D315680806}
		{7CD06D2F-FBFC-4577-951C-71117E489792} = {F42BC864-DFA6-40CE-B615-99E194B112F5}
		{FA58C30A-0E5A-4408-B7ED-F30EF4D4E1DC} = {F42BC864-DFA6-40CE-B615-99E194B112F5}
		{34F8AC87-E69D-4013-BCED-DF4DF530F90F} = {D95D71B6-889A-4D32-815D-BF0A4C37A3AB}
		{EE1AE57D-F267-478E-9F38-997D6C43CCB4} = {D95D71B6-889A-4D32-815D-BF0A4C37A3AB}
		{42B7ECB0-4B32-49B3-B2A1-31CC9431FF61} = {8EC462FD-D22E-90A8-E5CE-7E832BA40C5D}
	EndGlobalSection
	GlobalSection(ExtensibilityGlobals) = postSolution
		SolutionGuid = {FE4FC209-7247-495D-9480-F82C37265BEA}
	EndGlobalSection
EndGlobal
